
Microsoft Visual Studio Solution File, Format Version 12.00
# Visual Studio Version 17
VisualStudioVersion = 17.1.32210.238
MinimumVisualStudioVersion = 10.0.40219.1
Project("{FAE04EC0-301F-11D3-BF4B-00C04F79EFBC}") = "ItemDB", "ItemDB\ItemDB.csproj", "{A81E4511-54B2-4F7C-83DE-D8B23D384BD0}"
EndProject
Global
	GlobalSection(SolutionConfigurationPlatforms) = preSolution
		Debug|Any CPU = Debug|Any CPU
		Release|Any CPU = Release|Any CPU
	EndGlobalSection
	GlobalSection(ProjectConfigurationPlatforms) = postSolution
		{A81E4511-54B2-4F7C-83DE-D8B23D384BD0}.Debug|Any CPU.ActiveCfg = Debug|Any CPU
		{A81E4511-54B2-4F7C-83DE-D8B23D384BD0}.Debug|Any CPU.Build.0 = Debug|Any CPU
		{A81E4511-54B2-4F7C-83DE-D8B23D384BD0}.Release|Any CPU.ActiveCfg = Release|Any CPU
		{A81E4511-54B2-4F7C-83DE-D8B23D384BD0}.Release|Any CPU.Build.0 = Release|Any CPU
	EndGlobalSection
	GlobalSection(SolutionProperties) = preSolution
		HideSolutionNode = FALSE
	EndGlobalSection
	GlobalSection(ExtensibilityGlobals) = postSolution
		SolutionGuid = {ACF8EFAC-73A1-4513-AAA1-61B59B7C29FD}
	EndGlobalSection
EndGlobal
